// !$*UTF8*$!
{
	archiveVersion = 1;
	classes = {
	};
	objectVersion = 46;
	objects = {

/* Begin PBXBuildFile section */
		3F28700E1E60CEF400CE1F95 /* MusicTableViewCell.swift in Sources */ = {isa = PBXBuildFile; fileRef = 3F28700D1E60CEF400CE1F95 /* MusicTableViewCell.swift */; };
		3FEE346E1E60B634008C4BBF /* AppDelegate.swift in Sources */ = {isa = PBXBuildFile; fileRef = 3FEE346D1E60B634008C4BBF /* AppDelegate.swift */; };
		3FEE34731E60B634008C4BBF /* Main.storyboard in Resources */ = {isa = PBXBuildFile; fileRef = 3FEE34711E60B634008C4BBF /* Main.storyboard */; };
		3FEE34751E60B634008C4BBF /* Assets.xcassets in Resources */ = {isa = PBXBuildFile; fileRef = 3FEE34741E60B634008C4BBF /* Assets.xcassets */; };
		3FEE34781E60B634008C4BBF /* LaunchScreen.storyboard in Resources */ = {isa = PBXBuildFile; fileRef = 3FEE34761E60B634008C4BBF /* LaunchScreen.storyboard */; };
		3FEE34811E60BCDB008C4BBF /* ArtistsTableViewController.swift in Sources */ = {isa = PBXBuildFile; fileRef = 3FEE34801E60BCDB008C4BBF /* ArtistsTableViewController.swift */; };
		3FEE34831E60BD13008C4BBF /* MusicsTableViewController.swift in Sources */ = {isa = PBXBuildFile; fileRef = 3FEE34821E60BD13008C4BBF /* MusicsTableViewController.swift */; };
		3FEE34851E60BD44008C4BBF /* Artist.swift in Sources */ = {isa = PBXBuildFile; fileRef = 3FEE34841E60BD44008C4BBF /* Artist.swift */; };
		3FEE34871E60BD95008C4BBF /* Music.swift in Sources */ = {isa = PBXBuildFile; fileRef = 3FEE34861E60BD95008C4BBF /* Music.swift */; };
		3FEE34891E60C7D3008C4BBF /* ArtistTableViewCell.swift in Sources */ = {isa = PBXBuildFile; fileRef = 3FEE34881E60C7D3008C4BBF /* ArtistTableViewCell.swift */; };
/* End PBXBuildFile section */

/* Begin PBXFileReference section */
		3F28700D1E60CEF400CE1F95 /* MusicTableViewCell.swift */ = {isa = PBXFileReference; fileEncoding = 4; lastKnownFileType = sourcecode.swift; path = MusicTableViewCell.swift; sourceTree = "<group>"; };
		3FEE346A1E60B634008C4BBF /* MusicChallenge.app */ = {isa = PBXFileReference; explicitFileType = wrapper.application; includeInIndex = 0; path = MusicChallenge.app; sourceTree = BUILT_PRODUCTS_DIR; };
		3FEE346D1E60B634008C4BBF /* AppDelegate.swift */ = {isa = PBXFileReference; lastKnownFileType = sourcecode.swift; path = AppDelegate.swift; sourceTree = "<group>"; };
		3FEE34721E60B634008C4BBF /* Base */ = {isa = PBXFileReference; lastKnownFileType = file.storyboard; name = Base; path = Base.lproj/Main.storyboard; sourceTree = "<group>"; };
		3FEE34741E60B634008C4BBF /* Assets.xcassets */ = {isa = PBXFileReference; lastKnownFileType = folder.assetcatalog; path = Assets.xcassets; sourceTree = "<group>"; };
		3FEE34771E60B634008C4BBF /* Base */ = {isa = PBXFileReference; lastKnownFileType = file.storyboard; name = Base; path = Base.lproj/LaunchScreen.storyboard; sourceTree = "<group>"; };
		3FEE34791E60B634008C4BBF /* Info.plist */ = {isa = PBXFileReference; lastKnownFileType = text.plist.xml; path = Info.plist; sourceTree = "<group>"; };
		3FEE34801E60BCDB008C4BBF /* ArtistsTableViewController.swift */ = {isa = PBXFileReference; fileEncoding = 4; lastKnownFileType = sourcecode.swift; path = ArtistsTableViewController.swift; sourceTree = "<group>"; };
		3FEE34821E60BD13008C4BBF /* MusicsTableViewController.swift */ = {isa = PBXFileReference; fileEncoding = 4; lastKnownFileType = sourcecode.swift; path = MusicsTableViewController.swift; sourceTree = "<group>"; };
		3FEE34841E60BD44008C4BBF /* Artist.swift */ = {isa = PBXFileReference; fileEncoding = 4; lastKnownFileType = sourcecode.swift; path = Artist.swift; sourceTree = "<group>"; };
		3FEE34861E60BD95008C4BBF /* Music.swift */ = {isa = PBXFileReference; fileEncoding = 4; lastKnownFileType = sourcecode.swift; path = Music.swift; sourceTree = "<group>"; };
		3FEE34881E60C7D3008C4BBF /* ArtistTableViewCell.swift */ = {isa = PBXFileReference; fileEncoding = 4; lastKnownFileType = sourcecode.swift; path = ArtistTableViewCell.swift; sourceTree = "<group>"; };
/* End PBXFileReference section */

/* Begin PBXFrameworksBuildPhase section */
		3FEE34671E60B634008C4BBF /* Frameworks */ = {
			isa = PBXFrameworksBuildPhase;
			buildActionMask = 2147483647;
			files = (
			);
			runOnlyForDeploymentPostprocessing = 0;
		};
/* End PBXFrameworksBuildPhase section */

/* Begin PBXGroup section */
		3FEE34611E60B634008C4BBF = {
			isa = PBXGroup;
			children = (
				3FEE346C1E60B634008C4BBF /* MusicChallenge */,
				3FEE346B1E60B634008C4BBF /* Products */,
			);
			sourceTree = "<group>";
		};
		3FEE346B1E60B634008C4BBF /* Products */ = {
			isa = PBXGroup;
			children = (
				3FEE346A1E60B634008C4BBF /* MusicChallenge.app */,
			);
			name = Products;
			sourceTree = "<group>";
		};
		3FEE346C1E60B634008C4BBF /* MusicChallenge */ = {
			isa = PBXGroup;
			children = (
				3FEE34711E60B634008C4BBF /* Main.storyboard */,
				3FEE34821E60BD13008C4BBF /* MusicsTableViewController.swift */,
				3FEE34801E60BCDB008C4BBF /* ArtistsTableViewController.swift */,
				3F28700D1E60CEF400CE1F95 /* MusicTableViewCell.swift */,
				3FEE34881E60C7D3008C4BBF /* ArtistTableViewCell.swift */,
				3FEE34841E60BD44008C4BBF /* Artist.swift */,
				3FEE34861E60BD95008C4BBF /* Music.swift */,
				3FEE34741E60B634008C4BBF /* Assets.xcassets */,
				3FEE347F1E60B63D008C4BBF /* Supporting Files */,
			);
			path = MusicChallenge;
			sourceTree = "<group>";
		};
		3FEE347F1E60B63D008C4BBF /* Supporting Files */ = {
			isa = PBXGroup;
			children = (
				3FEE346D1E60B634008C4BBF /* AppDelegate.swift */,
				3FEE34761E60B634008C4BBF /* LaunchScreen.storyboard */,
				3FEE34791E60B634008C4BBF /* Info.plist */,
			);
			name = "Supporting Files";
			sourceTree = "<group>";
		};
/* End PBXGroup section */

/* Begin PBXNativeTarget section */
		3FEE34691E60B634008C4BBF /* MusicChallenge */ = {
			isa = PBXNativeTarget;
			buildConfigurationList = 3FEE347C1E60B634008C4BBF /* Build configuration list for PBXNativeTarget "MusicChallenge" */;
			buildPhases = (
				3FEE34661E60B634008C4BBF /* Sources */,
				3FEE34671E60B634008C4BBF /* Frameworks */,
				3FEE34681E60B634008C4BBF /* Resources */,
			);
			buildRules = (
			);
			dependencies = (
			);
			name = MusicChallenge;
			productName = MusicChallenge;
			productReference = 3FEE346A1E60B634008C4BBF /* MusicChallenge.app */;
			productType = "com.apple.product-type.application";
		};
/* End PBXNativeTarget section */

/* Begin PBXProject section */
		3FEE34621E60B634008C4BBF /* Project object */ = {
			isa = PBXProject;
			attributes = {
				LastSwiftUpdateCheck = 0820;
				LastUpgradeCheck = 0820;
				ORGANIZATIONNAME = "Daniel San";
				TargetAttributes = {
					3FEE34691E60B634008C4BBF = {
						CreatedOnToolsVersion = 8.2.1;
						ProvisioningStyle = Automatic;
					};
				};
			};
			buildConfigurationList = 3FEE34651E60B634008C4BBF /* Build configuration list for PBXProject "MusicChallenge" */;
			compatibilityVersion = "Xcode 3.2";
			developmentRegion = English;
			hasScannedForEncodings = 0;
			knownRegions = (
				en,
				Base,
			);
			mainGroup = 3FEE34611E60B634008C4BBF;
			productRefGroup = 3FEE346B1E60B634008C4BBF /* Products */;
			projectDirPath = "";
			projectRoot = "";
			targets = (
				3FEE34691E60B634008C4BBF /* MusicChallenge */,
			);
		};
/* End PBXProject section */

/* Begin PBXResourcesBuildPhase section */
		3FEE34681E60B634008C4BBF /* Resources */ = {
			isa = PBXResourcesBuildPhase;
			buildActionMask = 2147483647;
			files = (
				3FEE34781E60B634008C4BBF /* LaunchScreen.storyboard in Resources */,
				3FEE34751E60B634008C4BBF /* Assets.xcassets in Resources */,
				3FEE34731E60B634008C4BBF /* Main.storyboard in Resources */,
			);
			runOnlyForDeploymentPostprocessing = 0;
		};
/* End PBXResourcesBuildPhase section */

/* Begin PBXSourcesBuildPhase section */
		3FEE34661E60B634008C4BBF /* Sources */ = {
			isa = PBXSourcesBuildPhase;
			buildActionMask = 2147483647;
			files = (
				3FEE34871E60BD95008C4BBF /* Music.swift in Sources */,
				3FEE34811E60BCDB008C4BBF /* ArtistsTableViewController.swift in Sources */,
				3FEE346E1E60B634008C4BBF /* AppDelegate.swift in Sources */,
				3FEE34851E60BD44008C4BBF /* Artist.swift in Sources */,
				3F28700E1E60CEF400CE1F95 /* MusicTableViewCell.swift in Sources */,
				3FEE34891E60C7D3008C4BBF /* ArtistTableViewCell.swift in Sources */,
				3FEE34831E60BD13008C4BBF /* MusicsTableViewController.swift in Sources */,
			);
			runOnlyForDeploymentPostprocessing = 0;
		};
/* End PBXSourcesBuildPhase section */

/* Begin PBXVariantGroup section */
		3FEE34711E60B634008C4BBF /* Main.storyboard */ = {
			isa = PBXVariantGroup;
			children = (
				3FEE34721E60B634008C4BBF /* Base */,
			);
			name = Main.storyboard;
			sourceTree = "<group>";
		};
		3FEE34761E60B634008C4BBF /* LaunchScreen.storyboard */ = {
			isa = PBXVariantGroup;
			children = (
				3FEE34771E60B634008C4BBF /* Base */,
			);
			name = LaunchScreen.storyboard;
			sourceTree = "<group>";
		};
/* End PBXVariantGroup section */

/* Begin XCBuildConfiguration section */
		3FEE347A1E60B634008C4BBF /* Debug */ = {
			isa = XCBuildConfiguration;
			buildSettings = {
				ALWAYS_SEARCH_USER_PATHS = NO;
				CLANG_ANALYZER_NONNULL = YES;
				CLANG_CXX_LANGUAGE_STANDARD = "gnu++0x";
				CLANG_CXX_LIBRARY = "libc++";
				CLANG_ENABLE_MODULES = YES;
				CLANG_ENABLE_OBJC_ARC = YES;
				CLANG_WARN_BOOL_CONVERSION = YES;
				CLANG_WARN_CONSTANT_CONVERSION = YES;
				CLANG_WARN_DIRECT_OBJC_ISA_USAGE = YES_ERROR;
				CLANG_WARN_DOCUMENTATION_COMMENTS = YES;
				CLANG_WARN_EMPTY_BODY = YES;
				CLANG_WARN_ENUM_CONVERSION = YES;
				CLANG_WARN_INFINITE_RECURSION = YES;
				CLANG_WARN_INT_CONVERSION = YES;
				CLANG_WARN_OBJC_ROOT_CLASS = YES_ERROR;
				CLANG_WARN_SUSPICIOUS_MOVE = YES;
				CLANG_WARN_UNREACHABLE_CODE = YES;
				CLANG_WARN__DUPLICATE_METHOD_MATCH = YES;
				"CODE_SIGN_IDENTITY[sdk=iphoneos*]" = "iPhone Developer";
				COPY_PHASE_STRIP = NO;
				DEBUG_INFORMATION_FORMAT = dwarf;
				ENABLE_STRICT_OBJC_MSGSEND = YES;
				ENABLE_TESTABILITY = YES;
				GCC_C_LANGUAGE_STANDARD = gnu99;
				GCC_DYNAMIC_NO_PIC = NO;
				GCC_NO_COMMON_BLOCKS = YES;
				GCC_OPTIMIZATION_LEVEL = 0;
				GCC_PREPROCESSOR_DEFINITIONS = (
					"DEBUG=1",
					"$(inherited)",
				);
				GCC_WARN_64_TO_32_BIT_CONVERSION = YES;
				GCC_WARN_ABOUT_RETURN_TYPE = YES_ERROR;
				GCC_WARN_UNDECLARED_SELECTOR = YES;
				GCC_WARN_UNINITIALIZED_AUTOS = YES_AGGRESSIVE;
				GCC_WARN_UNUSED_FUNCTION = YES;
				GCC_WARN_UNUSED_VARIABLE = YES;
				IPHONEOS_DEPLOYMENT_TARGET = 10.2;
				MTL_ENABLE_DEBUG_INFO = YES;
				ONLY_ACTIVE_ARCH = YES;
				SDKROOT = iphoneos;
				SWIFT_ACTIVE_COMPILATION_CONDITIONS = DEBUG;
				SWIFT_OPTIMIZATION_LEVEL = "-Onone";
			};
			name = Debug;
		};
		3FEE347B1E60B634008C4BBF /* Release */ = {
			isa = XCBuildConfiguration;
			buildSettings = {
				ALWAYS_SEARCH_USER_PATHS = NO;
				CLANG_ANALYZER_NONNULL = YES;
				CLANG_CXX_LANGUAGE_STANDARD = "gnu++0x";
				CLANG_CXX_LIBRARY = "libc++";
				CLANG_ENABLE_MODULES = YES;
				CLANG_ENABLE_OBJC_ARC = YES;
				CLANG_WARN_BOOL_CONVERSION = YES;
				CLANG_WARN_CONSTANT_CONVERSION = YES;
				CLANG_WARN_DIRECT_OBJC_ISA_USAGE = YES_ERROR;
				CLANG_WARN_DOCUMENTATION_COMMENTS = YES;
				CLANG_WARN_EMPTY_BODY = YES;
				CLANG_WARN_ENUM_CONVERSION = YES;
				CLANG_WARN_INFINITE_RECURSION = YES;
				CLANG_WARN_INT_CONVERSION = YES;
				CLANG_WARN_OBJC_ROOT_CLASS = YES_ERROR;
				CLANG_WARN_SUSPICIOUS_MOVE = YES;
				CLANG_WARN_UNREACHABLE_CODE = YES;
				CLANG_WARN__DUPLICATE_METHOD_MATCH = YES;
				"CODE_SIGN_IDENTITY[sdk=iphoneos*]" = "iPhone Developer";
				COPY_PHASE_STRIP = NO;
				DEBUG_INFORMATION_FORMAT = "dwarf-with-dsym";
				ENABLE_NS_ASSERTIONS = NO;
				ENABLE_STRICT_OBJC_MSGSEND = YES;
				GCC_C_LANGUAGE_STANDARD = gnu99;
				GCC_NO_COMMON_BLOCKS = YES;
				GCC_WARN_64_TO_32_BIT_CONVERSION = YES;
				GCC_WARN_ABOUT_RETURN_TYPE = YES_ERROR;
				GCC_WARN_UNDECLARED_SELECTOR = YES;
				GCC_WARN_UNINITIALIZED_AUTOS = YES_AGGRESSIVE;
				GCC_WARN_UNUSED_FUNCTION = YES;
				GCC_WARN_UNUSED_VARIABLE = YES;
				IPHONEOS_DEPLOYMENT_TARGET = 10.2;
				MTL_ENABLE_DEBUG_INFO = NO;
				SDKROOT = iphoneos;
				SWIFT_OPTIMIZATION_LEVEL = "-Owholemodule";
				VALIDATE_PRODUCT = YES;
			};
			name = Release;
		};
		3FEE347D1E60B634008C4BBF /* Debug */ = {
			isa = XCBuildConfiguration;
			buildSettings = {
				ASSETCATALOG_COMPILER_APPICON_NAME = AppIcon;
				INFOPLIST_FILE = MusicChallenge/Info.plist;
				LD_RUNPATH_SEARCH_PATHS = "$(inherited) @executable_path/Frameworks";
				PRODUCT_BUNDLE_IDENTIFIER = br.com.danielsan.MusicChallenge;
				PRODUCT_NAME = "$(TARGET_NAME)";
				SWIFT_VERSION = 3.0;
			};
			name = Debug;
		};
		3FEE347E1E60B634008C4BBF /* Release */ = {
			isa = XCBuildConfiguration;
			buildSettings = {
				ASSETCATALOG_COMPILER_APPICON_NAME = AppIcon;
				INFOPLIST_FILE = MusicChallenge/Info.plist;
				LD_RUNPATH_SEARCH_PATHS = "$(inherited) @executable_path/Frameworks";
				PRODUCT_BUNDLE_IDENTIFIER = br.com.danielsan.MusicChallenge;
				PRODUCT_NAME = "$(TARGET_NAME)";
				SWIFT_VERSION = 3.0;
			};
			name = Release;
		};
/* End XCBuildConfiguration section */

/* Begin XCConfigurationList section */
		3FEE34651E60B634008C4BBF /* Build configuration list for PBXProject "MusicChallenge" */ = {
			isa = XCConfigurationList;
			buildConfigurations = (
				3FEE347A1E60B634008C4BBF /* Debug */,
				3FEE347B1E60B634008C4BBF /* Release */,
			);
			defaultConfigurationIsVisible = 0;
			defaultConfigurationName = Release;
		};
		3FEE347C1E60B634008C4BBF /* Build configuration list for PBXNativeTarget "MusicChallenge" */ = {
			isa = XCConfigurationList;
			buildConfigurations = (
				3FEE347D1E60B634008C4BBF /* Debug */,
				3FEE347E1E60B634008C4BBF /* Release */,
			);
			defaultConfigurationIsVisible = 0;
			defaultConfigurationName = Release;
		};
/* End XCConfigurationList section */
	};
	rootObject = 3FEE34621E60B634008C4BBF /* Project object */;
}
