// !$*UTF8*$!
{
	archiveVersion = 1;
	classes = {
	};
	objectVersion = 46;
	objects = {

/* Begin PBXBuildFile section */
		3FE698E31E6B2E6900B6825D /* AppDelegate.swift in Sources */ = {isa = PBXBuildFile; fileRef = 3FE698E21E6B2E6900B6825D /* AppDelegate.swift */; };
		3FE698E51E6B2E6900B6825D /* ViewController.swift in Sources */ = {isa = PBXBuildFile; fileRef = 3FE698E41E6B2E6900B6825D /* ViewController.swift */; };
		3FE698E81E6B2E6900B6825D /* Main.storyboard in Resources */ = {isa = PBXBuildFile; fileRef = 3FE698E61E6B2E6900B6825D /* Main.storyboard */; };
		3FE698EA1E6B2E6900B6825D /* Assets.xcassets in Resources */ = {isa = PBXBuildFile; fileRef = 3FE698E91E6B2E6900B6825D /* Assets.xcassets */; };
		3FE698ED1E6B2E6900B6825D /* LaunchScreen.storyboard in Resources */ = {isa = PBXBuildFile; fileRef = 3FE698EB1E6B2E6900B6825D /* LaunchScreen.storyboard */; };
/* End PBXBuildFile section */

/* Begin PBXFileReference section */
		3FE698DF1E6B2E6900B6825D /* HardCoreTableView.app */ = {isa = PBXFileReference; explicitFileType = wrapper.application; includeInIndex = 0; path = HardCoreTableView.app; sourceTree = BUILT_PRODUCTS_DIR; };
		3FE698E21E6B2E6900B6825D /* AppDelegate.swift */ = {isa = PBXFileReference; lastKnownFileType = sourcecode.swift; path = AppDelegate.swift; sourceTree = "<group>"; };
		3FE698E41E6B2E6900B6825D /* ViewController.swift */ = {isa = PBXFileReference; lastKnownFileType = sourcecode.swift; path = ViewController.swift; sourceTree = "<group>"; };
		3FE698E71E6B2E6900B6825D /* Base */ = {isa = PBXFileReference; lastKnownFileType = file.storyboard; name = Base; path = Base.lproj/Main.storyboard; sourceTree = "<group>"; };
		3FE698E91E6B2E6900B6825D /* Assets.xcassets */ = {isa = PBXFileReference; lastKnownFileType = folder.assetcatalog; path = Assets.xcassets; sourceTree = "<group>"; };
		3FE698EC1E6B2E6900B6825D /* Base */ = {isa = PBXFileReference; lastKnownFileType = file.storyboard; name = Base; path = Base.lproj/LaunchScreen.storyboard; sourceTree = "<group>"; };
		3FE698EE1E6B2E6900B6825D /* Info.plist */ = {isa = PBXFileReference; lastKnownFileType = text.plist.xml; path = Info.plist; sourceTree = "<group>"; };
/* End PBXFileReference section */

/* Begin PBXFrameworksBuildPhase section */
		3FE698DC1E6B2E6900B6825D /* Frameworks */ = {
			isa = PBXFrameworksBuildPhase;
			buildActionMask = 2147483647;
			files = (
			);
			runOnlyForDeploymentPostprocessing = 0;
		};
/* End PBXFrameworksBuildPhase section */

/* Begin PBXGroup section */
		3FE698D61E6B2E6900B6825D = {
			isa = PBXGroup;
			children = (
				3FE698E11E6B2E6900B6825D /* HardCoreTableView */,
				3FE698E01E6B2E6900B6825D /* Products */,
			);
			sourceTree = "<group>";
		};
		3FE698E01E6B2E6900B6825D /* Products */ = {
			isa = PBXGroup;
			children = (
				3FE698DF1E6B2E6900B6825D /* HardCoreTableView.app */,
			);
			name = Products;
			sourceTree = "<group>";
		};
		3FE698E11E6B2E6900B6825D /* HardCoreTableView */ = {
			isa = PBXGroup;
			children = (
				3FE698E41E6B2E6900B6825D /* ViewController.swift */,
				3FE698E61E6B2E6900B6825D /* Main.storyboard */,
				3FE698E91E6B2E6900B6825D /* Assets.xcassets */,
				3FE698F41E6B2E7D00B6825D /* Supporting Files */,
			);
			path = HardCoreTableView;
			sourceTree = "<group>";
		};
		3FE698F41E6B2E7D00B6825D /* Supporting Files */ = {
			isa = PBXGroup;
			children = (
				3FE698E21E6B2E6900B6825D /* AppDelegate.swift */,
				3FE698EB1E6B2E6900B6825D /* LaunchScreen.storyboard */,
				3FE698EE1E6B2E6900B6825D /* Info.plist */,
			);
			name = "Supporting Files";
			sourceTree = "<group>";
		};
/* End PBXGroup section */

/* Begin PBXNativeTarget section */
		3FE698DE1E6B2E6900B6825D /* HardCoreTableView */ = {
			isa = PBXNativeTarget;
			buildConfigurationList = 3FE698F11E6B2E6900B6825D /* Build configuration list for PBXNativeTarget "HardCoreTableView" */;
			buildPhases = (
				3FE698DB1E6B2E6900B6825D /* Sources */,
				3FE698DC1E6B2E6900B6825D /* Frameworks */,
				3FE698DD1E6B2E6900B6825D /* Resources */,
			);
			buildRules = (
			);
			dependencies = (
			);
			name = HardCoreTableView;
			productName = HardCoreTableView;
			productReference = 3FE698DF1E6B2E6900B6825D /* HardCoreTableView.app */;
			productType = "com.apple.product-type.application";
		};
/* End PBXNativeTarget section */

/* Begin PBXProject section */
		3FE698D71E6B2E6900B6825D /* Project object */ = {
			isa = PBXProject;
			attributes = {
				LastSwiftUpdateCheck = 0820;
				LastUpgradeCheck = 0820;
				ORGANIZATIONNAME = "Daniel San";
				TargetAttributes = {
					3FE698DE1E6B2E6900B6825D = {
						CreatedOnToolsVersion = 8.2.1;
						ProvisioningStyle = Automatic;
					};
				};
			};
			buildConfigurationList = 3FE698DA1E6B2E6900B6825D /* Build configuration list for PBXProject "HardCoreTableView" */;
			compatibilityVersion = "Xcode 3.2";
			developmentRegion = English;
			hasScannedForEncodings = 0;
			knownRegions = (
				en,
				Base,
			);
			mainGroup = 3FE698D61E6B2E6900B6825D;
			productRefGroup = 3FE698E01E6B2E6900B6825D /* Products */;
			projectDirPath = "";
			projectRoot = "";
			targets = (
				3FE698DE1E6B2E6900B6825D /* HardCoreTableView */,
			);
		};
/* End PBXProject section */

/* Begin PBXResourcesBuildPhase section */
		3FE698DD1E6B2E6900B6825D /* Resources */ = {
			isa = PBXResourcesBuildPhase;
			buildActionMask = 2147483647;
			files = (
				3FE698ED1E6B2E6900B6825D /* LaunchScreen.storyboard in Resources */,
				3FE698EA1E6B2E6900B6825D /* Assets.xcassets in Resources */,
				3FE698E81E6B2E6900B6825D /* Main.storyboard in Resources */,
			);
			runOnlyForDeploymentPostprocessing = 0;
		};
/* End PBXResourcesBuildPhase section */

/* Begin PBXSourcesBuildPhase section */
		3FE698DB1E6B2E6900B6825D /* Sources */ = {
			isa = PBXSourcesBuildPhase;
			buildActionMask = 2147483647;
			files = (
				3FE698E51E6B2E6900B6825D /* ViewController.swift in Sources */,
				3FE698E31E6B2E6900B6825D /* AppDelegate.swift in Sources */,
			);
			runOnlyForDeploymentPostprocessing = 0;
		};
/* End PBXSourcesBuildPhase section */

/* Begin PBXVariantGroup section */
		3FE698E61E6B2E6900B6825D /* Main.storyboard */ = {
			isa = PBXVariantGroup;
			children = (
				3FE698E71E6B2E6900B6825D /* Base */,
			);
			name = Main.storyboard;
			sourceTree = "<group>";
		};
		3FE698EB1E6B2E6900B6825D /* LaunchScreen.storyboard */ = {
			isa = PBXVariantGroup;
			children = (
				3FE698EC1E6B2E6900B6825D /* Base */,
			);
			name = LaunchScreen.storyboard;
			sourceTree = "<group>";
		};
/* End PBXVariantGroup section */

/* Begin XCBuildConfiguration section */
		3FE698EF1E6B2E6900B6825D /* Debug */ = {
			isa = XCBuildConfiguration;
			buildSettings = {
				ALWAYS_SEARCH_USER_PATHS = NO;
				CLANG_ANALYZER_NONNULL = YES;
				CLANG_CXX_LANGUAGE_STANDARD = "gnu++0x";
				CLANG_CXX_LIBRARY = "libc++";
				CLANG_ENABLE_MODULES = YES;
				CLANG_ENABLE_OBJC_ARC = YES;
				CLANG_WARN_BOOL_CONVERSION = YES;
				CLANG_WARN_CONSTANT_CONVERSION = YES;
				CLANG_WARN_DIRECT_OBJC_ISA_USAGE = YES_ERROR;
				CLANG_WARN_DOCUMENTATION_COMMENTS = YES;
				CLANG_WARN_EMPTY_BODY = YES;
				CLANG_WARN_ENUM_CONVERSION = YES;
				CLANG_WARN_INFINITE_RECURSION = YES;
				CLANG_WARN_INT_CONVERSION = YES;
				CLANG_WARN_OBJC_ROOT_CLASS = YES_ERROR;
				CLANG_WARN_SUSPICIOUS_MOVE = YES;
				CLANG_WARN_UNREACHABLE_CODE = YES;
				CLANG_WARN__DUPLICATE_METHOD_MATCH = YES;
				"CODE_SIGN_IDENTITY[sdk=iphoneos*]" = "iPhone Developer";
				COPY_PHASE_STRIP = NO;
				DEBUG_INFORMATION_FORMAT = dwarf;
				ENABLE_STRICT_OBJC_MSGSEND = YES;
				ENABLE_TESTABILITY = YES;
				GCC_C_LANGUAGE_STANDARD = gnu99;
				GCC_DYNAMIC_NO_PIC = NO;
				GCC_NO_COMMON_BLOCKS = YES;
				GCC_OPTIMIZATION_LEVEL = 0;
				GCC_PREPROCESSOR_DEFINITIONS = (
					"DEBUG=1",
					"$(inherited)",
				);
				GCC_WARN_64_TO_32_BIT_CONVERSION = YES;
				GCC_WARN_ABOUT_RETURN_TYPE = YES_ERROR;
				GCC_WARN_UNDECLARED_SELECTOR = YES;
				GCC_WARN_UNINITIALIZED_AUTOS = YES_AGGRESSIVE;
				GCC_WARN_UNUSED_FUNCTION = YES;
				GCC_WARN_UNUSED_VARIABLE = YES;
				IPHONEOS_DEPLOYMENT_TARGET = 10.2;
				MTL_ENABLE_DEBUG_INFO = YES;
				ONLY_ACTIVE_ARCH = YES;
				SDKROOT = iphoneos;
				SWIFT_ACTIVE_COMPILATION_CONDITIONS = DEBUG;
				SWIFT_OPTIMIZATION_LEVEL = "-Onone";
				TARGETED_DEVICE_FAMILY = "1,2";
			};
			name = Debug;
		};
		3FE698F01E6B2E6900B6825D /* Release */ = {
			isa = XCBuildConfiguration;
			buildSettings = {
				ALWAYS_SEARCH_USER_PATHS = NO;
				CLANG_ANALYZER_NONNULL = YES;
				CLANG_CXX_LANGUAGE_STANDARD = "gnu++0x";
				CLANG_CXX_LIBRARY = "libc++";
				CLANG_ENABLE_MODULES = YES;
				CLANG_ENABLE_OBJC_ARC = YES;
				CLANG_WARN_BOOL_CONVERSION = YES;
				CLANG_WARN_CONSTANT_CONVERSION = YES;
				CLANG_WARN_DIRECT_OBJC_ISA_USAGE = YES_ERROR;
				CLANG_WARN_DOCUMENTATION_COMMENTS = YES;
				CLANG_WARN_EMPTY_BODY = YES;
				CLANG_WARN_ENUM_CONVERSION = YES;
				CLANG_WARN_INFINITE_RECURSION = YES;
				CLANG_WARN_INT_CONVERSION = YES;
				CLANG_WARN_OBJC_ROOT_CLASS = YES_ERROR;
				CLANG_WARN_SUSPICIOUS_MOVE = YES;
				CLANG_WARN_UNREACHABLE_CODE = YES;
				CLANG_WARN__DUPLICATE_METHOD_MATCH = YES;
				"CODE_SIGN_IDENTITY[sdk=iphoneos*]" = "iPhone Developer";
				COPY_PHASE_STRIP = NO;
				DEBUG_INFORMATION_FORMAT = "dwarf-with-dsym";
				ENABLE_NS_ASSERTIONS = NO;
				ENABLE_STRICT_OBJC_MSGSEND = YES;
				GCC_C_LANGUAGE_STANDARD = gnu99;
				GCC_NO_COMMON_BLOCKS = YES;
				GCC_WARN_64_TO_32_BIT_CONVERSION = YES;
				GCC_WARN_ABOUT_RETURN_TYPE = YES_ERROR;
				GCC_WARN_UNDECLARED_SELECTOR = YES;
				GCC_WARN_UNINITIALIZED_AUTOS = YES_AGGRESSIVE;
				GCC_WARN_UNUSED_FUNCTION = YES;
				GCC_WARN_UNUSED_VARIABLE = YES;
				IPHONEOS_DEPLOYMENT_TARGET = 10.2;
				MTL_ENABLE_DEBUG_INFO = NO;
				SDKROOT = iphoneos;
				SWIFT_OPTIMIZATION_LEVEL = "-Owholemodule";
				TARGETED_DEVICE_FAMILY = "1,2";
				VALIDATE_PRODUCT = YES;
			};
			name = Release;
		};
		3FE698F21E6B2E6900B6825D /* Debug */ = {
			isa = XCBuildConfiguration;
			buildSettings = {
				ASSETCATALOG_COMPILER_APPICON_NAME = AppIcon;
				INFOPLIST_FILE = HardCoreTableView/Info.plist;
				LD_RUNPATH_SEARCH_PATHS = "$(inherited) @executable_path/Frameworks";
				PRODUCT_BUNDLE_IDENTIFIER = br.com.danielsan.HardCoreTableView;
				PRODUCT_NAME = "$(TARGET_NAME)";
				SWIFT_VERSION = 3.0;
			};
			name = Debug;
		};
		3FE698F31E6B2E6900B6825D /* Release */ = {
			isa = XCBuildConfiguration;
			buildSettings = {
				ASSETCATALOG_COMPILER_APPICON_NAME = AppIcon;
				INFOPLIST_FILE = HardCoreTableView/Info.plist;
				LD_RUNPATH_SEARCH_PATHS = "$(inherited) @executable_path/Frameworks";
				PRODUCT_BUNDLE_IDENTIFIER = br.com.danielsan.HardCoreTableView;
				PRODUCT_NAME = "$(TARGET_NAME)";
				SWIFT_VERSION = 3.0;
			};
			name = Release;
		};
/* End XCBuildConfiguration section */

/* Begin XCConfigurationList section */
		3FE698DA1E6B2E6900B6825D /* Build configuration list for PBXProject "HardCoreTableView" */ = {
			isa = XCConfigurationList;
			buildConfigurations = (
				3FE698EF1E6B2E6900B6825D /* Debug */,
				3FE698F01E6B2E6900B6825D /* Release */,
			);
			defaultConfigurationIsVisible = 0;
			defaultConfigurationName = Release;
		};
		3FE698F11E6B2E6900B6825D /* Build configuration list for PBXNativeTarget "HardCoreTableView" */ = {
			isa = XCConfigurationList;
			buildConfigurations = (
				3FE698F21E6B2E6900B6825D /* Debug */,
				3FE698F31E6B2E6900B6825D /* Release */,
			);
			defaultConfigurationIsVisible = 0;
		};
/* End XCConfigurationList section */
	};
	rootObject = 3FE698D71E6B2E6900B6825D /* Project object */;
}
